Microsoft Visual Studio Solution File, Format Version 12.00
# Visual Studio 2012
Project("{FAE04EC0-301F-11D3-BF4B-00C04F79EFBC}") = "ballntower_cs", "ballntower_cs.csproj", "{8E3BC95B-2A2B-477B-B0A1-210B651539FD}"
EndProject
Global
	GlobalSection(SolutionConfigurationPlatforms) = preSolution
	Debug|Any CPU = Debug|Any CPU
	Release|Any CPU = Release|Any CPU
	Tools|Any CPU = Tools|Any CPU
	EndGlobalSection
	GlobalSection(ProjectConfigurationPlatforms) = postSolution
		{8E3BC95B-2A2B-477B-B0A1-210B651539FD}.Debug|Any CPU.ActiveCfg = Debug|Any CPU
		{8E3BC95B-2A2B-477B-B0A1-210B651539FD}.Debug|Any CPU.Build.0 = Debug|Any CPU
		{8E3BC95B-2A2B-477B-B0A1-210B651539FD}.Release|Any CPU.ActiveCfg = Release|Any CPU
		{8E3BC95B-2A2B-477B-B0A1-210B651539FD}.Release|Any CPU.Build.0 = Release|Any CPU
		{8E3BC95B-2A2B-477B-B0A1-210B651539FD}.Tools|Any CPU.ActiveCfg = Tools|Any CPU
		{8E3BC95B-2A2B-477B-B0A1-210B651539FD}.Tools|Any CPU.Build.0 = Tools|Any CPU
	EndGlobalSection
EndGlobal
